
Microsoft Visual Studio Solution File, Format Version 12.00
# Visual Studio Version 17
VisualStudioVersion = 17.8.34309.116
MinimumVisualStudioVersion = 10.0.40219.1
Project("{9A19103F-16F7-4668-BE54-9A1E7A4F7556}") = "Kassa.Wpf", "Kassa.Wpf\Kassa.Wpf.csproj", "{81EEE2B1-D8CD-4178-BCA7-C43540BDBFE9}"
EndProject
Project("{9A19103F-16F7-4668-BE54-9A1E7A4F7556}") = "Kassa.BuisnessLogic", "Kassa.BuisnessLogic\Kassa.BuisnessLogic.csproj", "{821EB1E1-C35F-4B66-98F6-05184E1849A0}"
EndProject
Project("{9A19103F-16F7-4668-BE54-9A1E7A4F7556}") = "Kassa.RxUI", "Kassa.RxUI\Kassa.RxUI.csproj", "{19CFA65D-8BB4-4FA1-95C4-174BC315C9DD}"
EndProject
Project("{9A19103F-16F7-4668-BE54-9A1E7A4F7556}") = "Kassa.DataAccess", "Kassa.DataAccess\Kassa.DataAccess.csproj", "{5128E4BF-7B7A-40A1-97DA-4698FFC25385}"
EndProject
Project("{54435603-DBB4-11D2-8724-00A0C9A8B90C}") = "Kassa.Wpf.Setup", "Kassa.Wpf.Setup\Kassa.Wpf.Setup.vdproj", "{4DDDAB15-6462-4EAB-B0F2-7507C2734AB2}"
EndProject
Project("{9A19103F-16F7-4668-BE54-9A1E7A4F7556}") = "Kassa.Tests", "Kassa.Tests\Kassa.Tests.csproj", "{B1AB5FB1-ED76-4D69-B35A-12C8F0F920D4}"
EndProject
Project("{9A19103F-16F7-4668-BE54-9A1E7A4F7556}") = "Kassa.Shared", "Kassa.Shared\Kassa.Shared.csproj", "{8065EA1B-FB9D-4FA8-BC6B-ECD762BD5BC6}"
EndProject
Project("{9A19103F-16F7-4668-BE54-9A1E7A4F7556}") = "Kassa.DataAccess.HttpRepository", "Kassa.DataAccess.HttpRepository\Kassa.DataAccess.HttpRepository.csproj", "{B576E22F-B41C-4A67-9765-7E4E16106753}"
EndProject
Project("{9A19103F-16F7-4668-BE54-9A1E7A4F7556}") = "Kassa.BuisnessLogic.Edgar", "Kassa.BuisnessLogic.Edgar\Kassa.BuisnessLogic.Edgar.csproj", "{3EF2006E-C614-4427-ADD7-0390E5CD2D06}"
EndProject
Project("{2150E333-8FDC-42A3-9474-1A3956D46DE8}") = "Solution Items", "Solution Items", "{959396B9-D7C1-41EE-846B-60FF5EF3CD68}"
	ProjectSection(SolutionItems) = preProject
		.github\workflows\ci-cd.yml = .github\workflows\ci-cd.yml
		README.md = README.md
	EndProjectSection
EndProject
Project("{FAE04EC0-301F-11D3-BF4B-00C04F79EFBC}") = "Kassa.BuisnessLogin.Fody", "Kassa.BuisnessLogin.Fody\Kassa.BuisnessLogin.Fody.csproj", "{FA065357-CCCA-4C80-9429-AD00D18E1489}"
EndProject
Global
	GlobalSection(SolutionConfigurationPlatforms) = preSolution
		Debug|Any CPU = Debug|Any CPU
		Debug|x64 = Debug|x64
		OptimizedSmallWindow|Any CPU = OptimizedSmallWindow|Any CPU
		OptimizedSmallWindow|x64 = OptimizedSmallWindow|x64
		Release|Any CPU = Release|Any CPU
		Release|x64 = Release|x64
		SmallWindow|Any CPU = SmallWindow|Any CPU
		SmallWindow|x64 = SmallWindow|x64
	EndGlobalSection
	GlobalSection(ProjectConfigurationPlatforms) = postSolution
		{81EEE2B1-D8CD-4178-BCA7-C43540BDBFE9}.Debug|Any CPU.ActiveCfg = Debug|Any CPU
		{81EEE2B1-D8CD-4178-BCA7-C43540BDBFE9}.Debug|Any CPU.Build.0 = Debug|Any CPU
		{81EEE2B1-D8CD-4178-BCA7-C43540BDBFE9}.Debug|x64.ActiveCfg = Debug|x64
		{81EEE2B1-D8CD-4178-BCA7-C43540BDBFE9}.Debug|x64.Build.0 = Debug|x64
		{81EEE2B1-D8CD-4178-BCA7-C43540BDBFE9}.OptimizedSmallWindow|Any CPU.ActiveCfg = OptimizedSmallWindow|Any CPU
		{81EEE2B1-D8CD-4178-BCA7-C43540BDBFE9}.OptimizedSmallWindow|Any CPU.Build.0 = OptimizedSmallWindow|Any CPU
		{81EEE2B1-D8CD-4178-BCA7-C43540BDBFE9}.OptimizedSmallWindow|x64.ActiveCfg = Release|x64
		{81EEE2B1-D8CD-4178-BCA7-C43540BDBFE9}.OptimizedSmallWindow|x64.Build.0 = Release|x64
		{81EEE2B1-D8CD-4178-BCA7-C43540BDBFE9}.Release|Any CPU.ActiveCfg = Release|Any CPU
		{81EEE2B1-D8CD-4178-BCA7-C43540BDBFE9}.Release|Any CPU.Build.0 = Release|Any CPU
		{81EEE2B1-D8CD-4178-BCA7-C43540BDBFE9}.Release|x64.ActiveCfg = Release|x64
		{81EEE2B1-D8CD-4178-BCA7-C43540BDBFE9}.Release|x64.Build.0 = Release|x64
		{81EEE2B1-D8CD-4178-BCA7-C43540BDBFE9}.SmallWindow|Any CPU.ActiveCfg = SmallWindow|Any CPU
		{81EEE2B1-D8CD-4178-BCA7-C43540BDBFE9}.SmallWindow|Any CPU.Build.0 = SmallWindow|Any CPU
		{81EEE2B1-D8CD-4178-BCA7-C43540BDBFE9}.SmallWindow|x64.ActiveCfg = Debug|x64
		{81EEE2B1-D8CD-4178-BCA7-C43540BDBFE9}.SmallWindow|x64.Build.0 = Debug|x64
		{821EB1E1-C35F-4B66-98F6-05184E1849A0}.Debug|Any CPU.ActiveCfg = Debug|Any CPU
		{821EB1E1-C35F-4B66-98F6-05184E1849A0}.Debug|Any CPU.Build.0 = Debug|Any CPU
		{821EB1E1-C35F-4B66-98F6-05184E1849A0}.Debug|x64.ActiveCfg = Debug|Any CPU
		{821EB1E1-C35F-4B66-98F6-05184E1849A0}.Debug|x64.Build.0 = Debug|Any CPU
		{821EB1E1-C35F-4B66-98F6-05184E1849A0}.OptimizedSmallWindow|Any CPU.ActiveCfg = Release|Any CPU
		{821EB1E1-C35F-4B66-98F6-05184E1849A0}.OptimizedSmallWindow|Any CPU.Build.0 = Release|Any CPU
		{821EB1E1-C35F-4B66-98F6-05184E1849A0}.OptimizedSmallWindow|x64.ActiveCfg = Release|x64
		{821EB1E1-C35F-4B66-98F6-05184E1849A0}.OptimizedSmallWindow|x64.Build.0 = Release|x64
		{821EB1E1-C35F-4B66-98F6-05184E1849A0}.Release|Any CPU.ActiveCfg = Release|Any CPU
		{821EB1E1-C35F-4B66-98F6-05184E1849A0}.Release|Any CPU.Build.0 = Release|Any CPU
		{821EB1E1-C35F-4B66-98F6-05184E1849A0}.Release|x64.ActiveCfg = Release|x64
		{821EB1E1-C35F-4B66-98F6-05184E1849A0}.Release|x64.Build.0 = Release|x64
		{821EB1E1-C35F-4B66-98F6-05184E1849A0}.SmallWindow|Any CPU.ActiveCfg = Debug|Any CPU
		{821EB1E1-C35F-4B66-98F6-05184E1849A0}.SmallWindow|Any CPU.Build.0 = Debug|Any CPU
		{821EB1E1-C35F-4B66-98F6-05184E1849A0}.SmallWindow|x64.ActiveCfg = Debug|Any CPU
		{821EB1E1-C35F-4B66-98F6-05184E1849A0}.SmallWindow|x64.Build.0 = Debug|Any CPU
		{19CFA65D-8BB4-4FA1-95C4-174BC315C9DD}.Debug|Any CPU.ActiveCfg = Debug|Any CPU
		{19CFA65D-8BB4-4FA1-95C4-174BC315C9DD}.Debug|Any CPU.Build.0 = Debug|Any CPU
		{19CFA65D-8BB4-4FA1-95C4-174BC315C9DD}.Debug|x64.ActiveCfg = Debug|Any CPU
		{19CFA65D-8BB4-4FA1-95C4-174BC315C9DD}.Debug|x64.Build.0 = Debug|Any CPU
		{19CFA65D-8BB4-4FA1-95C4-174BC315C9DD}.OptimizedSmallWindow|Any CPU.ActiveCfg = Release|Any CPU
		{19CFA65D-8BB4-4FA1-95C4-174BC315C9DD}.OptimizedSmallWindow|Any CPU.Build.0 = Release|Any CPU
		{19CFA65D-8BB4-4FA1-95C4-174BC315C9DD}.OptimizedSmallWindow|x64.ActiveCfg = Release|x64
		{19CFA65D-8BB4-4FA1-95C4-174BC315C9DD}.OptimizedSmallWindow|x64.Build.0 = Release|x64
		{19CFA65D-8BB4-4FA1-95C4-174BC315C9DD}.Release|Any CPU.ActiveCfg = Release|Any CPU
		{19CFA65D-8BB4-4FA1-95C4-174BC315C9DD}.Release|Any CPU.Build.0 = Release|Any CPU
		{19CFA65D-8BB4-4FA1-95C4-174BC315C9DD}.Release|x64.ActiveCfg = Release|x64
		{19CFA65D-8BB4-4FA1-95C4-174BC315C9DD}.Release|x64.Build.0 = Release|x64
		{19CFA65D-8BB4-4FA1-95C4-174BC315C9DD}.SmallWindow|Any CPU.ActiveCfg = Debug|Any CPU
		{19CFA65D-8BB4-4FA1-95C4-174BC315C9DD}.SmallWindow|Any CPU.Build.0 = Debug|Any CPU
		{19CFA65D-8BB4-4FA1-95C4-174BC315C9DD}.SmallWindow|x64.ActiveCfg = Debug|Any CPU
		{19CFA65D-8BB4-4FA1-95C4-174BC315C9DD}.SmallWindow|x64.Build.0 = Debug|Any CPU
		{5128E4BF-7B7A-40A1-97DA-4698FFC25385}.Debug|Any CPU.ActiveCfg = Debug|Any CPU
		{5128E4BF-7B7A-40A1-97DA-4698FFC25385}.Debug|Any CPU.Build.0 = Debug|Any CPU
		{5128E4BF-7B7A-40A1-97DA-4698FFC25385}.Debug|x64.ActiveCfg = Debug|Any CPU
		{5128E4BF-7B7A-40A1-97DA-4698FFC25385}.Debug|x64.Build.0 = Debug|Any CPU
		{5128E4BF-7B7A-40A1-97DA-4698FFC25385}.OptimizedSmallWindow|Any CPU.ActiveCfg = Release|Any CPU
		{5128E4BF-7B7A-40A1-97DA-4698FFC25385}.OptimizedSmallWindow|Any CPU.Build.0 = Release|Any CPU
		{5128E4BF-7B7A-40A1-97DA-4698FFC25385}.OptimizedSmallWindow|x64.ActiveCfg = Release|x64
		{5128E4BF-7B7A-40A1-97DA-4698FFC25385}.OptimizedSmallWindow|x64.Build.0 = Release|x64
		{5128E4BF-7B7A-40A1-97DA-4698FFC25385}.Release|Any CPU.ActiveCfg = Release|Any CPU
		{5128E4BF-7B7A-40A1-97DA-4698FFC25385}.Release|Any CPU.Build.0 = Release|Any CPU
		{5128E4BF-7B7A-40A1-97DA-4698FFC25385}.Release|x64.ActiveCfg = Release|x64
		{5128E4BF-7B7A-40A1-97DA-4698FFC25385}.Release|x64.Build.0 = Release|x64
		{5128E4BF-7B7A-40A1-97DA-4698FFC25385}.SmallWindow|Any CPU.ActiveCfg = Debug|Any CPU
		{5128E4BF-7B7A-40A1-97DA-4698FFC25385}.SmallWindow|Any CPU.Build.0 = Debug|Any CPU
		{5128E4BF-7B7A-40A1-97DA-4698FFC25385}.SmallWindow|x64.ActiveCfg = Debug|Any CPU
		{5128E4BF-7B7A-40A1-97DA-4698FFC25385}.SmallWindow|x64.Build.0 = Debug|Any CPU
		{4DDDAB15-6462-4EAB-B0F2-7507C2734AB2}.Debug|Any CPU.ActiveCfg = Debug
		{4DDDAB15-6462-4EAB-B0F2-7507C2734AB2}.Debug|x64.ActiveCfg = Debug
		{4DDDAB15-6462-4EAB-B0F2-7507C2734AB2}.Debug|x64.Build.0 = Debug
		{4DDDAB15-6462-4EAB-B0F2-7507C2734AB2}.OptimizedSmallWindow|Any CPU.ActiveCfg = Release
		{4DDDAB15-6462-4EAB-B0F2-7507C2734AB2}.OptimizedSmallWindow|x64.ActiveCfg = Release
		{4DDDAB15-6462-4EAB-B0F2-7507C2734AB2}.Release|Any CPU.ActiveCfg = Release
		{4DDDAB15-6462-4EAB-B0F2-7507C2734AB2}.Release|x64.ActiveCfg = Release
		{4DDDAB15-6462-4EAB-B0F2-7507C2734AB2}.SmallWindow|Any CPU.ActiveCfg = Debug
		{4DDDAB15-6462-4EAB-B0F2-7507C2734AB2}.SmallWindow|x64.ActiveCfg = Debug
		{4DDDAB15-6462-4EAB-B0F2-7507C2734AB2}.SmallWindow|x64.Build.0 = Debug
		{B1AB5FB1-ED76-4D69-B35A-12C8F0F920D4}.Debug|Any CPU.ActiveCfg = Debug|Any CPU
		{B1AB5FB1-ED76-4D69-B35A-12C8F0F920D4}.Debug|Any CPU.Build.0 = Debug|Any CPU
		{B1AB5FB1-ED76-4D69-B35A-12C8F0F920D4}.Debug|x64.ActiveCfg = Debug|Any CPU
		{B1AB5FB1-ED76-4D69-B35A-12C8F0F920D4}.Debug|x64.Build.0 = Debug|Any CPU
		{B1AB5FB1-ED76-4D69-B35A-12C8F0F920D4}.OptimizedSmallWindow|Any CPU.ActiveCfg = Release|Any CPU
		{B1AB5FB1-ED76-4D69-B35A-12C8F0F920D4}.OptimizedSmallWindow|Any CPU.Build.0 = Release|Any CPU
		{B1AB5FB1-ED76-4D69-B35A-12C8F0F920D4}.OptimizedSmallWindow|x64.ActiveCfg = Release|Any CPU
		{B1AB5FB1-ED76-4D69-B35A-12C8F0F920D4}.OptimizedSmallWindow|x64.Build.0 = Release|Any CPU
		{B1AB5FB1-ED76-4D69-B35A-12C8F0F920D4}.Release|Any CPU.ActiveCfg = Release|Any CPU
		{B1AB5FB1-ED76-4D69-B35A-12C8F0F920D4}.Release|Any CPU.Build.0 = Release|Any CPU
		{B1AB5FB1-ED76-4D69-B35A-12C8F0F920D4}.Release|x64.ActiveCfg = Release|Any CPU
		{B1AB5FB1-ED76-4D69-B35A-12C8F0F920D4}.Release|x64.Build.0 = Release|Any CPU
		{B1AB5FB1-ED76-4D69-B35A-12C8F0F920D4}.SmallWindow|Any CPU.ActiveCfg = Debug|Any CPU
		{B1AB5FB1-ED76-4D69-B35A-12C8F0F920D4}.SmallWindow|Any CPU.Build.0 = Debug|Any CPU
		{B1AB5FB1-ED76-4D69-B35A-12C8F0F920D4}.SmallWindow|x64.ActiveCfg = Debug|Any CPU
		{B1AB5FB1-ED76-4D69-B35A-12C8F0F920D4}.SmallWindow|x64.Build.0 = Debug|Any CPU
		{8065EA1B-FB9D-4FA8-BC6B-ECD762BD5BC6}.Debug|Any CPU.ActiveCfg = Debug|Any CPU
		{8065EA1B-FB9D-4FA8-BC6B-ECD762BD5BC6}.Debug|Any CPU.Build.0 = Debug|Any CPU
		{8065EA1B-FB9D-4FA8-BC6B-ECD762BD5BC6}.Debug|x64.ActiveCfg = Debug|Any CPU
		{8065EA1B-FB9D-4FA8-BC6B-ECD762BD5BC6}.Debug|x64.Build.0 = Debug|Any CPU
		{8065EA1B-FB9D-4FA8-BC6B-ECD762BD5BC6}.OptimizedSmallWindow|Any CPU.ActiveCfg = Release|Any CPU
		{8065EA1B-FB9D-4FA8-BC6B-ECD762BD5BC6}.OptimizedSmallWindow|Any CPU.Build.0 = Release|Any CPU
		{8065EA1B-FB9D-4FA8-BC6B-ECD762BD5BC6}.OptimizedSmallWindow|x64.ActiveCfg = Release|Any CPU
		{8065EA1B-FB9D-4FA8-BC6B-ECD762BD5BC6}.OptimizedSmallWindow|x64.Build.0 = Release|Any CPU
		{8065EA1B-FB9D-4FA8-BC6B-ECD762BD5BC6}.Release|Any CPU.ActiveCfg = Release|Any CPU
		{8065EA1B-FB9D-4FA8-BC6B-ECD762BD5BC6}.Release|Any CPU.Build.0 = Release|Any CPU
		{8065EA1B-FB9D-4FA8-BC6B-ECD762BD5BC6}.Release|x64.ActiveCfg = Release|Any CPU
		{8065EA1B-FB9D-4FA8-BC6B-ECD762BD5BC6}.Release|x64.Build.0 = Release|Any CPU
		{8065EA1B-FB9D-4FA8-BC6B-ECD762BD5BC6}.SmallWindow|Any CPU.ActiveCfg = Debug|Any CPU
		{8065EA1B-FB9D-4FA8-BC6B-ECD762BD5BC6}.SmallWindow|Any CPU.Build.0 = Debug|Any CPU
		{8065EA1B-FB9D-4FA8-BC6B-ECD762BD5BC6}.SmallWindow|x64.ActiveCfg = Debug|Any CPU
		{8065EA1B-FB9D-4FA8-BC6B-ECD762BD5BC6}.SmallWindow|x64.Build.0 = Debug|Any CPU
		{B576E22F-B41C-4A67-9765-7E4E16106753}.Debug|Any CPU.ActiveCfg = Debug|Any CPU
		{B576E22F-B41C-4A67-9765-7E4E16106753}.Debug|Any CPU.Build.0 = Debug|Any CPU
		{B576E22F-B41C-4A67-9765-7E4E16106753}.Debug|x64.ActiveCfg = Debug|Any CPU
		{B576E22F-B41C-4A67-9765-7E4E16106753}.Debug|x64.Build.0 = Debug|Any CPU
		{B576E22F-B41C-4A67-9765-7E4E16106753}.OptimizedSmallWindow|Any CPU.ActiveCfg = Debug|Any CPU
		{B576E22F-B41C-4A67-9765-7E4E16106753}.OptimizedSmallWindow|Any CPU.Build.0 = Debug|Any CPU
		{B576E22F-B41C-4A67-9765-7E4E16106753}.OptimizedSmallWindow|x64.ActiveCfg = Debug|Any CPU
		{B576E22F-B41C-4A67-9765-7E4E16106753}.OptimizedSmallWindow|x64.Build.0 = Debug|Any CPU
		{B576E22F-B41C-4A67-9765-7E4E16106753}.Release|Any CPU.ActiveCfg = Release|Any CPU
		{B576E22F-B41C-4A67-9765-7E4E16106753}.Release|Any CPU.Build.0 = Release|Any CPU
		{B576E22F-B41C-4A67-9765-7E4E16106753}.Release|x64.ActiveCfg = Release|Any CPU
		{B576E22F-B41C-4A67-9765-7E4E16106753}.Release|x64.Build.0 = Release|Any CPU
		{B576E22F-B41C-4A67-9765-7E4E16106753}.SmallWindow|Any CPU.ActiveCfg = Debug|Any CPU
		{B576E22F-B41C-4A67-9765-7E4E16106753}.SmallWindow|Any CPU.Build.0 = Debug|Any CPU
		{B576E22F-B41C-4A67-9765-7E4E16106753}.SmallWindow|x64.ActiveCfg = Debug|Any CPU
		{B576E22F-B41C-4A67-9765-7E4E16106753}.SmallWindow|x64.Build.0 = Debug|Any CPU
		{3EF2006E-C614-4427-ADD7-0390E5CD2D06}.Debug|Any CPU.ActiveCfg = Debug|Any CPU
		{3EF2006E-C614-4427-ADD7-0390E5CD2D06}.Debug|Any CPU.Build.0 = Debug|Any CPU
		{3EF2006E-C614-4427-ADD7-0390E5CD2D06}.Debug|x64.ActiveCfg = Debug|Any CPU
		{3EF2006E-C614-4427-ADD7-0390E5CD2D06}.Debug|x64.Build.0 = Debug|Any CPU
		{3EF2006E-C614-4427-ADD7-0390E5CD2D06}.OptimizedSmallWindow|Any CPU.ActiveCfg = Debug|Any CPU
		{3EF2006E-C614-4427-ADD7-0390E5CD2D06}.OptimizedSmallWindow|Any CPU.Build.0 = Debug|Any CPU
		{3EF2006E-C614-4427-ADD7-0390E5CD2D06}.OptimizedSmallWindow|x64.ActiveCfg = Debug|Any CPU
		{3EF2006E-C614-4427-ADD7-0390E5CD2D06}.OptimizedSmallWindow|x64.Build.0 = Debug|Any CPU
		{3EF2006E-C614-4427-ADD7-0390E5CD2D06}.Release|Any CPU.ActiveCfg = Release|Any CPU
		{3EF2006E-C614-4427-ADD7-0390E5CD2D06}.Release|Any CPU.Build.0 = Release|Any CPU
		{3EF2006E-C614-4427-ADD7-0390E5CD2D06}.Release|x64.ActiveCfg = Release|Any CPU
		{3EF2006E-C614-4427-ADD7-0390E5CD2D06}.Release|x64.Build.0 = Release|Any CPU
		{3EF2006E-C614-4427-ADD7-0390E5CD2D06}.SmallWindow|Any CPU.ActiveCfg = Debug|Any CPU
		{3EF2006E-C614-4427-ADD7-0390E5CD2D06}.SmallWindow|Any CPU.Build.0 = Debug|Any CPU
		{3EF2006E-C614-4427-ADD7-0390E5CD2D06}.SmallWindow|x64.ActiveCfg = Debug|Any CPU
		{3EF2006E-C614-4427-ADD7-0390E5CD2D06}.SmallWindow|x64.Build.0 = Debug|Any CPU
		{FA065357-CCCA-4C80-9429-AD00D18E1489}.Debug|Any CPU.ActiveCfg = Debug|Any CPU
		{FA065357-CCCA-4C80-9429-AD00D18E1489}.Debug|Any CPU.Build.0 = Debug|Any CPU
		{FA065357-CCCA-4C80-9429-AD00D18E1489}.Debug|x64.ActiveCfg = Debug|Any CPU
		{FA065357-CCCA-4C80-9429-AD00D18E1489}.Debug|x64.Build.0 = Debug|Any CPU
		{FA065357-CCCA-4C80-9429-AD00D18E1489}.OptimizedSmallWindow|Any CPU.ActiveCfg = Debug|Any CPU
		{FA065357-CCCA-4C80-9429-AD00D18E1489}.OptimizedSmallWindow|Any CPU.Build.0 = Debug|Any CPU
		{FA065357-CCCA-4C80-9429-AD00D18E1489}.OptimizedSmallWindow|x64.ActiveCfg = Debug|Any CPU
		{FA065357-CCCA-4C80-9429-AD00D18E1489}.OptimizedSmallWindow|x64.Build.0 = Debug|Any CPU
		{FA065357-CCCA-4C80-9429-AD00D18E1489}.Release|Any CPU.ActiveCfg = Release|Any CPU
		{FA065357-CCCA-4C80-9429-AD00D18E1489}.Release|Any CPU.Build.0 = Release|Any CPU
		{FA065357-CCCA-4C80-9429-AD00D18E1489}.Release|x64.ActiveCfg = Release|Any CPU
		{FA065357-CCCA-4C80-9429-AD00D18E1489}.Release|x64.Build.0 = Release|Any CPU
		{FA065357-CCCA-4C80-9429-AD00D18E1489}.SmallWindow|Any CPU.ActiveCfg = Debug|Any CPU
		{FA065357-CCCA-4C80-9429-AD00D18E1489}.SmallWindow|Any CPU.Build.0 = Debug|Any CPU
		{FA065357-CCCA-4C80-9429-AD00D18E1489}.SmallWindow|x64.ActiveCfg = Debug|Any CPU
		{FA065357-CCCA-4C80-9429-AD00D18E1489}.SmallWindow|x64.Build.0 = Debug|Any CPU
	EndGlobalSection
	GlobalSection(SolutionProperties) = preSolution
		HideSolutionNode = FALSE
	EndGlobalSection
	GlobalSection(ExtensibilityGlobals) = postSolution
		SolutionGuid = {B2F36608-E0AC-4FBD-A1E1-08FDC3489057}
	EndGlobalSection
EndGlobal
